# generated by rye
# use `rye lock` or `rye sync` to update this lockfile
#
# last locked with the following flags:
#   pre: false
#   features: []
#   all-features: false
#   with-sources: false
#   generate-hashes: false

-e file:.
blinker==1.8.2
    # via flask
brotli==1.1.0
    # via py7zr
click==8.1.7
    # via flask
flask==3.0.3
    # via toyotama
inflate64==1.0.0
    # via py7zr
itsdangerous==2.2.0
    # via flask
jinja2==3.1.4
    # via flask
libtmux==0.37.0
    # via toyotama
lief==0.14.1
    # via toyotama
markdown-it-py==3.0.0
    # via rich
markupsafe==2.1.5
    # via jinja2
    # via werkzeug
mdurl==0.1.2
    # via markdown-it-py
multivolumefile==0.2.3
    # via py7zr
pillow==10.4.0
    # via toyotama
psutil==5.9.8
    # via py7zr
py7zr==0.21.1
    # via toyotama
pybcj==1.0.2
    # via py7zr
pycryptodomex==3.20.0
    # via py7zr
pygments==2.18.0
    # via rich
pyppmd==1.1.0
    # via py7zr
pyzstd==0.15.10
    # via py7zr
rich==13.7.1
    # via toyotama
ruff==0.4.9
rzpipe==0.6.0
    # via toyotama
setuptools==70.2.0
    # via toyotama
texttable==1.7.0
    # via py7zr
werkzeug==3.0.3
    # via flask
